
Microsoft Visual Studio Solution File, Format Version 12.00
# Visual Studio Version 16
VisualStudioVersion = 16.0.30114.105
MinimumVisualStudioVersion = 10.0.40219.1
Project("{FAE04EC0-301F-11D3-BF4B-00C04F79EFBC}") = "Buldac", "src\Buldac\Buldac.csproj", "{DBFE8D7A-6107-4600-AF3D-887E9B53349F}"
EndProject
Project("{FAE04EC0-301F-11D3-BF4B-00C04F79EFBC}") = "Buldac.Tests", "tests\Buldac.Tests\Buldac.Tests.csproj", "{C678C548-A696-4C09-9DD1-7B1036AB1EE2}"
EndProject
Project("{9A19103F-16F7-4668-BE54-9A1E7A4F7556}") = "Build", "build\Build.csproj", "{A40EDE78-EE53-4D2E-9FCF-72AED2859FC9}"
EndProject
Project("{FAE04EC0-301F-11D3-BF4B-00C04F79EFBC}") = "Build.Common", "share\Build.Common\Build.Common.csproj", "{289763C4-5F31-4B1B-9E1C-4D16ACA77934}"
EndProject
Global
	GlobalSection(SolutionConfigurationPlatforms) = preSolution
		Debug|Any CPU = Debug|Any CPU
		Release|Any CPU = Release|Any CPU
	EndGlobalSection
	GlobalSection(SolutionProperties) = preSolution
		HideSolutionNode = FALSE
	EndGlobalSection
	GlobalSection(ProjectConfigurationPlatforms) = postSolution
		{A40EDE78-EE53-4D2E-9FCF-72AED2859FC9}.Debug|Any CPU.ActiveCfg = Debug|Any CPU
		{A40EDE78-EE53-4D2E-9FCF-72AED2859FC9}.Release|Any CPU.ActiveCfg = Release|Any CPU
		{DBFE8D7A-6107-4600-AF3D-887E9B53349F}.Debug|Any CPU.ActiveCfg = Debug|Any CPU
		{DBFE8D7A-6107-4600-AF3D-887E9B53349F}.Debug|Any CPU.Build.0 = Debug|Any CPU
		{DBFE8D7A-6107-4600-AF3D-887E9B53349F}.Release|Any CPU.ActiveCfg = Release|Any CPU
		{DBFE8D7A-6107-4600-AF3D-887E9B53349F}.Release|Any CPU.Build.0 = Release|Any CPU
		{C678C548-A696-4C09-9DD1-7B1036AB1EE2}.Debug|Any CPU.ActiveCfg = Debug|Any CPU
		{C678C548-A696-4C09-9DD1-7B1036AB1EE2}.Debug|Any CPU.Build.0 = Debug|Any CPU
		{C678C548-A696-4C09-9DD1-7B1036AB1EE2}.Release|Any CPU.ActiveCfg = Release|Any CPU
		{C678C548-A696-4C09-9DD1-7B1036AB1EE2}.Release|Any CPU.Build.0 = Release|Any CPU
		{289763C4-5F31-4B1B-9E1C-4D16ACA77934}.Debug|Any CPU.ActiveCfg = Debug|Any CPU
		{289763C4-5F31-4B1B-9E1C-4D16ACA77934}.Debug|Any CPU.Build.0 = Debug|Any CPU
		{289763C4-5F31-4B1B-9E1C-4D16ACA77934}.Release|Any CPU.ActiveCfg = Release|Any CPU
		{289763C4-5F31-4B1B-9E1C-4D16ACA77934}.Release|Any CPU.Build.0 = Release|Any CPU
	EndGlobalSection
EndGlobal
